
Microsoft Visual Studio Solution File, Format Version 12.00
# Visual Studio Version 17
VisualStudioVersion = 17.3.32825.248
MinimumVisualStudioVersion = 10.0.40219.1
Project("{FAE04EC0-301F-11D3-BF4B-00C04F79EFBC}") = "Calculators and Currency Exchange", "Calculators and Currency Exchange\Calculators and Currency Exchange.csproj", "{E80E889F-2E11-4090-8A4A-300B379C0811}"
EndProject
Global
	GlobalSection(SolutionConfigurationPlatforms) = preSolution
		Debug|Any CPU = Debug|Any CPU
		Release|Any CPU = Release|Any CPU
	EndGlobalSection
	GlobalSection(ProjectConfigurationPlatforms) = postSolution
		{E80E889F-2E11-4090-8A4A-300B379C0811}.Debug|Any CPU.ActiveCfg = Debug|Any CPU
		{E80E889F-2E11-4090-8A4A-300B379C0811}.Debug|Any CPU.Build.0 = Debug|Any CPU
		{E80E889F-2E11-4090-8A4A-300B379C0811}.Release|Any CPU.ActiveCfg = Release|Any CPU
		{E80E889F-2E11-4090-8A4A-300B379C0811}.Release|Any CPU.Build.0 = Release|Any CPU
	EndGlobalSection
	GlobalSection(SolutionProperties) = preSolution
		HideSolutionNode = FALSE
	EndGlobalSection
	GlobalSection(ExtensibilityGlobals) = postSolution
		SolutionGuid = {0776035F-D7D4-47B5-BFEA-CD376D32AD49}
	EndGlobalSection
EndGlobal
